// !$*UTF8*$!
{
	archiveVersion = 1;
	classes = {
	};
	objectVersion = 46;
	objects = {

/* Begin PBXBuildFile section */
		63F705991C676D4D00542315 /* main.m in Sources */ = {isa = PBXBuildFile; fileRef = 63F705981C676D4D00542315 /* main.m */; };
		63F7059C1C676D4D00542315 /* AppDelegate.m in Sources */ = {isa = PBXBuildFile; fileRef = 63F7059B1C676D4D00542315 /* AppDelegate.m */; };
		63F7059F1C676D4D00542315 /* ViewController.m in Sources */ = {isa = PBXBuildFile; fileRef = 63F7059E1C676D4D00542315 /* ViewController.m */; };
		63F705A21C676D4D00542315 /* Main.storyboard in Resources */ = {isa = PBXBuildFile; fileRef = 63F705A01C676D4D00542315 /* Main.storyboard */; };
		63F705A41C676D4D00542315 /* Assets.xcassets in Resources */ = {isa = PBXBuildFile; fileRef = 63F705A31C676D4D00542315 /* Assets.xcassets */; };
		63F705A71C676D4D00542315 /* LaunchScreen.storyboard in Resources */ = {isa = PBXBuildFile; fileRef = 63F705A51C676D4D00542315 /* LaunchScreen.storyboard */; };
		63F705B21C676D4D00542315 /* core_graphicsTests.m in Sources */ = {isa = PBXBuildFile; fileRef = 63F705B11C676D4D00542315 /* core_graphicsTests.m */; };
		63F705BD1C676D4D00542315 /* core_graphicsUITests.m in Sources */ = {isa = PBXBuildFile; fileRef = 63F705BC1C676D4D00542315 /* core_graphicsUITests.m */; };
		63F705CC1C676D7700542315 /* DSNView.m in Sources */ = {isa = PBXBuildFile; fileRef = 63F705CB1C676D7700542315 /* DSNView.m */; };
/* End PBXBuildFile section */

/* Begin PBXContainerItemProxy section */
		63F705AE1C676D4D00542315 /* PBXContainerItemProxy */ = {
			isa = PBXContainerItemProxy;
			containerPortal = 63F7058C1C676D4D00542315 /* Project object */;
			proxyType = 1;
			remoteGlobalIDString = 63F705931C676D4D00542315;
			remoteInfo = "core graphics";
		};
		63F705B91C676D4D00542315 /* PBXContainerItemProxy */ = {
			isa = PBXContainerItemProxy;
			containerPortal = 63F7058C1C676D4D00542315 /* Project object */;
			proxyType = 1;
			remoteGlobalIDString = 63F705931C676D4D00542315;
			remoteInfo = "core graphics";
		};
/* End PBXContainerItemProxy section */

/* Begin PBXFileReference section */
		63F705941C676D4D00542315 /* core graphics.app */ = {isa = PBXFileReference; explicitFileType = wrapper.application; includeInIndex = 0; path = "core graphics.app"; sourceTree = BUILT_PRODUCTS_DIR; };
		63F705981C676D4D00542315 /* main.m */ = {isa = PBXFileReference; lastKnownFileType = sourcecode.c.objc; path = main.m; sourceTree = "<group>"; };
		63F7059A1C676D4D00542315 /* AppDelegate.h */ = {isa = PBXFileReference; lastKnownFileType = sourcecode.c.h; path = AppDelegate.h; sourceTree = "<group>"; };
		63F7059B1C676D4D00542315 /* AppDelegate.m */ = {isa = PBXFileReference; lastKnownFileType = sourcecode.c.objc; path = AppDelegate.m; sourceTree = "<group>"; };
		63F7059D1C676D4D00542315 /* ViewController.h */ = {isa = PBXFileReference; lastKnownFileType = sourcecode.c.h; path = ViewController.h; sourceTree = "<group>"; };
		63F7059E1C676D4D00542315 /* ViewController.m */ = {isa = PBXFileReference; lastKnownFileType = sourcecode.c.objc; path = ViewController.m; sourceTree = "<group>"; };
		63F705A11C676D4D00542315 /* Base */ = {isa = PBXFileReference; lastKnownFileType = file.storyboard; name = Base; path = Base.lproj/Main.storyboard; sourceTree = "<group>"; };
		63F705A31C676D4D00542315 /* Assets.xcassets */ = {isa = PBXFileReference; lastKnownFileType = folder.assetcatalog; path = Assets.xcassets; sourceTree = "<group>"; };
		63F705A61C676D4D00542315 /* Base */ = {isa = PBXFileReference; lastKnownFileType = file.storyboard; name = Base; path = Base.lproj/LaunchScreen.storyboard; sourceTree = "<group>"; };
		63F705A81C676D4D00542315 /* Info.plist */ = {isa = PBXFileReference; lastKnownFileType = text.plist.xml; path = Info.plist; sourceTree = "<group>"; };
		63F705AD1C676D4D00542315 /* core graphicsTests.xctest */ = {isa = PBXFileReference; explicitFileType = wrapper.cfbundle; includeInIndex = 0; path = "core graphicsTests.xctest"; sourceTree = BUILT_PRODUCTS_DIR; };
		63F705B11C676D4D00542315 /* core_graphicsTests.m */ = {isa = PBXFileReference; lastKnownFileType = sourcecode.c.objc; path = core_graphicsTests.m; sourceTree = "<group>"; };
		63F705B31C676D4D00542315 /* Info.plist */ = {isa = PBXFileReference; lastKnownFileType = text.plist.xml; path = Info.plist; sourceTree = "<group>"; };
		63F705B81C676D4D00542315 /* core graphicsUITests.xctest */ = {isa = PBXFileReference; explicitFileType = wrapper.cfbundle; includeInIndex = 0; path = "core graphicsUITests.xctest"; sourceTree = BUILT_PRODUCTS_DIR; };
		63F705BC1C676D4D00542315 /* core_graphicsUITests.m */ = {isa = PBXFileReference; lastKnownFileType = sourcecode.c.objc; path = core_graphicsUITests.m; sourceTree = "<group>"; };
		63F705BE1C676D4D00542315 /* Info.plist */ = {isa = PBXFileReference; lastKnownFileType = text.plist.xml; path = Info.plist; sourceTree = "<group>"; };
		63F705CA1C676D7700542315 /* DSNView.h */ = {isa = PBXFileReference; fileEncoding = 4; lastKnownFileType = sourcecode.c.h; path = DSNView.h; sourceTree = "<group>"; };
		63F705CB1C676D7700542315 /* DSNView.m */ = {isa = PBXFileReference; fileEncoding = 4; lastKnownFileType = sourcecode.c.objc; path = DSNView.m; sourceTree = "<group>"; };
/* End PBXFileReference section */

/* Begin PBXFrameworksBuildPhase section */
		63F705911C676D4D00542315 /* Frameworks */ = {
			isa = PBXFrameworksBuildPhase;
			buildActionMask = 2147483647;
			files = (
			);
			runOnlyForDeploymentPostprocessing = 0;
		};
		63F705AA1C676D4D00542315 /* Frameworks */ = {
			isa = PBXFrameworksBuildPhase;
			buildActionMask = 2147483647;
			files = (
			);
			runOnlyForDeploymentPostprocessing = 0;
		};
		63F705B51C676D4D00542315 /* Frameworks */ = {
			isa = PBXFrameworksBuildPhase;
			buildActionMask = 2147483647;
			files = (
			);
			runOnlyForDeploymentPostprocessing = 0;
		};
/* End PBXFrameworksBuildPhase section */

/* Begin PBXGroup section */
		63F7058B1C676D4D00542315 = {
			isa = PBXGroup;
			children = (
				63F705961C676D4D00542315 /* core graphics */,
				63F705B01C676D4D00542315 /* core graphicsTests */,
				63F705BB1C676D4D00542315 /* core graphicsUITests */,
				63F705951C676D4D00542315 /* Products */,
			);
			sourceTree = "<group>";
		};
		63F705951C676D4D00542315 /* Products */ = {
			isa = PBXGroup;
			children = (
				63F705941C676D4D00542315 /* core graphics.app */,
				63F705AD1C676D4D00542315 /* core graphicsTests.xctest */,
				63F705B81C676D4D00542315 /* core graphicsUITests.xctest */,
			);
			name = Products;
			sourceTree = "<group>";
		};
		63F705961C676D4D00542315 /* core graphics */ = {
			isa = PBXGroup;
			children = (
				63F7059A1C676D4D00542315 /* AppDelegate.h */,
				63F7059B1C676D4D00542315 /* AppDelegate.m */,
				63F7059D1C676D4D00542315 /* ViewController.h */,
				63F7059E1C676D4D00542315 /* ViewController.m */,
				63F705CA1C676D7700542315 /* DSNView.h */,
				63F705CB1C676D7700542315 /* DSNView.m */,
				63F705A01C676D4D00542315 /* Main.storyboard */,
				63F705A31C676D4D00542315 /* Assets.xcassets */,
				63F705A51C676D4D00542315 /* LaunchScreen.storyboard */,
				63F705A81C676D4D00542315 /* Info.plist */,
				63F705971C676D4D00542315 /* Supporting Files */,
			);
			path = "core graphics";
			sourceTree = "<group>";
		};
		63F705971C676D4D00542315 /* Supporting Files */ = {
			isa = PBXGroup;
			children = (
				63F705981C676D4D00542315 /* main.m */,
			);
			name = "Supporting Files";
			sourceTree = "<group>";
		};
		63F705B01C676D4D00542315 /* core graphicsTests */ = {
			isa = PBXGroup;
			children = (
				63F705B11C676D4D00542315 /* core_graphicsTests.m */,
				63F705B31C676D4D00542315 /* Info.plist */,
			);
			path = "core graphicsTests";
			sourceTree = "<group>";
		};
		63F705BB1C676D4D00542315 /* core graphicsUITests */ = {
			isa = PBXGroup;
			children = (
				63F705BC1C676D4D00542315 /* core_graphicsUITests.m */,
				63F705BE1C676D4D00542315 /* Info.plist */,
			);
			path = "core graphicsUITests";
			sourceTree = "<group>";
		};
/* End PBXGroup section */

/* Begin PBXNativeTarget section */
		63F705931C676D4D00542315 /* core graphics */ = {
			isa = PBXNativeTarget;
			buildConfigurationList = 63F705C11C676D4D00542315 /* Build configuration list for PBXNativeTarget "core graphics" */;
			buildPhases = (
				63F705901C676D4D00542315 /* Sources */,
				63F705911C676D4D00542315 /* Frameworks */,
				63F705921C676D4D00542315 /* Resources */,
			);
			buildRules = (
			);
			dependencies = (
			);
			name = "core graphics";
			productName = "core graphics";
			productReference = 63F705941C676D4D00542315 /* core graphics.app */;
			productType = "com.apple.product-type.application";
		};
		63F705AC1C676D4D00542315 /* core graphicsTests */ = {
			isa = PBXNativeTarget;
			buildConfigurationList = 63F705C41C676D4D00542315 /* Build configuration list for PBXNativeTarget "core graphicsTests" */;
			buildPhases = (
				63F705A91C676D4D00542315 /* Sources */,
				63F705AA1C676D4D00542315 /* Frameworks */,
				63F705AB1C676D4D00542315 /* Resources */,
			);
			buildRules = (
			);
			dependencies = (
				63F705AF1C676D4D00542315 /* PBXTargetDependency */,
			);
			name = "core graphicsTests";
			productName = "core graphicsTests";
			productReference = 63F705AD1C676D4D00542315 /* core graphicsTests.xctest */;
			productType = "com.apple.product-type.bundle.unit-test";
		};
		63F705B71C676D4D00542315 /* core graphicsUITests */ = {
			isa = PBXNativeTarget;
			buildConfigurationList = 63F705C71C676D4D00542315 /* Build configuration list for PBXNativeTarget "core graphicsUITests" */;
			buildPhases = (
				63F705B41C676D4D00542315 /* Sources */,
				63F705B51C676D4D00542315 /* Frameworks */,
				63F705B61C676D4D00542315 /* Resources */,
			);
			buildRules = (
			);
			dependencies = (
				63F705BA1C676D4D00542315 /* PBXTargetDependency */,
			);
			name = "core graphicsUITests";
			productName = "core graphicsUITests";
			productReference = 63F705B81C676D4D00542315 /* core graphicsUITests.xctest */;
			productType = "com.apple.product-type.bundle.ui-testing";
		};
/* End PBXNativeTarget section */

/* Begin PBXProject section */
		63F7058C1C676D4D00542315 /* Project object */ = {
			isa = PBXProject;
			attributes = {
				LastUpgradeCheck = 0720;
				ORGANIZATIONNAME = "杜苏南";
				TargetAttributes = {
					63F705931C676D4D00542315 = {
						CreatedOnToolsVersion = 7.2;
						DevelopmentTeam = 8F877YDX39;
					};
					63F705AC1C676D4D00542315 = {
						CreatedOnToolsVersion = 7.2;
						DevelopmentTeam = 8F877YDX39;
						TestTargetID = 63F705931C676D4D00542315;
					};
					63F705B71C676D4D00542315 = {
						CreatedOnToolsVersion = 7.2;
						DevelopmentTeam = 8F877YDX39;
						TestTargetID = 63F705931C676D4D00542315;
					};
				};
			};
			buildConfigurationList = 63F7058F1C676D4D00542315 /* Build configuration list for PBXProject "core graphics" */;
			compatibilityVersion = "Xcode 3.2";
			developmentRegion = English;
			hasScannedForEncodings = 0;
			knownRegions = (
				en,
				Base,
			);
			mainGroup = 63F7058B1C676D4D00542315;
			productRefGroup = 63F705951C676D4D00542315 /* Products */;
			projectDirPath = "";
			projectRoot = "";
			targets = (
				63F705931C676D4D00542315 /* core graphics */,
				63F705AC1C676D4D00542315 /* core graphicsTests */,
				63F705B71C676D4D00542315 /* core graphicsUITests */,
			);
		};
/* End PBXProject section */

/* Begin PBXResourcesBuildPhase section */
		63F705921C676D4D00542315 /* Resources */ = {
			isa = PBXResourcesBuildPhase;
			buildActionMask = 2147483647;
			files = (
				63F705A71C676D4D00542315 /* LaunchScreen.storyboard in Resources */,
				63F705A41C676D4D00542315 /* Assets.xcassets in Resources */,
				63F705A21C676D4D00542315 /* Main.storyboard in Resources */,
			);
			runOnlyForDeploymentPostprocessing = 0;
		};
		63F705AB1C676D4D00542315 /* Resources */ = {
			isa = PBXResourcesBuildPhase;
			buildActionMask = 2147483647;
			files = (
			);
			runOnlyForDeploymentPostprocessing = 0;
		};
		63F705B61C676D4D00542315 /* Resources */ = {
			isa = PBXResourcesBuildPhase;
			buildActionMask = 2147483647;
			files = (
			);
			runOnlyForDeploymentPostprocessing = 0;
		};
/* End PBXResourcesBuildPhase section */

/* Begin PBXSourcesBuildPhase section */
		63F705901C676D4D00542315 /* Sources */ = {
			isa = PBXSourcesBuildPhase;
			buildActionMask = 2147483647;
			files = (
				63F705CC1C676D7700542315 /* DSNView.m in Sources */,
				63F7059F1C676D4D00542315 /* ViewController.m in Sources */,
				63F7059C1C676D4D00542315 /* AppDelegate.m in Sources */,
				63F705991C676D4D00542315 /* main.m in Sources */,
			);
			runOnlyForDeploymentPostprocessing = 0;
		};
		63F705A91C676D4D00542315 /* Sources */ = {
			isa = PBXSourcesBuildPhase;
			buildActionMask = 2147483647;
			files = (
				63F705B21C676D4D00542315 /* core_graphicsTests.m in Sources */,
			);
			runOnlyForDeploymentPostprocessing = 0;
		};
		63F705B41C676D4D00542315 /* Sources */ = {
			isa = PBXSourcesBuildPhase;
			buildActionMask = 2147483647;
			files = (
				63F705BD1C676D4D00542315 /* core_graphicsUITests.m in Sources */,
			);
			runOnlyForDeploymentPostprocessing = 0;
		};
/* End PBXSourcesBuildPhase section */

/* Begin PBXTargetDependency section */
		63F705AF1C676D4D00542315 /* PBXTargetDependency */ = {
			isa = PBXTargetDependency;
			target = 63F705931C676D4D00542315 /* core graphics */;
			targetProxy = 63F705AE1C676D4D00542315 /* PBXContainerItemProxy */;
		};
		63F705BA1C676D4D00542315 /* PBXTargetDependency */ = {
			isa = PBXTargetDependency;
			target = 63F705931C676D4D00542315 /* core graphics */;
			targetProxy = 63F705B91C676D4D00542315 /* PBXContainerItemProxy */;
		};
/* End PBXTargetDependency section */

/* Begin PBXVariantGroup section */
		63F705A01C676D4D00542315 /* Main.storyboard */ = {
			isa = PBXVariantGroup;
			children = (
				63F705A11C676D4D00542315 /* Base */,
			);
			name = Main.storyboard;
			sourceTree = "<group>";
		};
		63F705A51C676D4D00542315 /* LaunchScreen.storyboard */ = {
			isa = PBXVariantGroup;
			children = (
				63F705A61C676D4D00542315 /* Base */,
			);
			name = LaunchScreen.storyboard;
			sourceTree = "<group>";
		};
/* End PBXVariantGroup section */

/* Begin XCBuildConfiguration section */
		63F705BF1C676D4D00542315 /* Debug */ = {
			isa = XCBuildConfiguration;
			buildSettings = {
				ALWAYS_SEARCH_USER_PATHS = NO;
				CLANG_CXX_LANGUAGE_STANDARD = "gnu++0x";
				CLANG_CXX_LIBRARY = "libc++";
				CLANG_ENABLE_MODULES = YES;
				CLANG_ENABLE_OBJC_ARC = YES;
				CLANG_WARN_BOOL_CONVERSION = YES;
				CLANG_WARN_CONSTANT_CONVERSION = YES;
				CLANG_WARN_DIRECT_OBJC_ISA_USAGE = YES_ERROR;
				CLANG_WARN_EMPTY_BODY = YES;
				CLANG_WARN_ENUM_CONVERSION = YES;
				CLANG_WARN_INT_CONVERSION = YES;
				CLANG_WARN_OBJC_ROOT_CLASS = YES_ERROR;
				CLANG_WARN_UNREACHABLE_CODE = YES;
				CLANG_WARN__DUPLICATE_METHOD_MATCH = YES;
				"CODE_SIGN_IDENTITY[sdk=iphoneos*]" = "iPhone Developer";
				COPY_PHASE_STRIP = NO;
				DEBUG_INFORMATION_FORMAT = dwarf;
				ENABLE_STRICT_OBJC_MSGSEND = YES;
				ENABLE_TESTABILITY = YES;
				GCC_C_LANGUAGE_STANDARD = gnu99;
				GCC_DYNAMIC_NO_PIC = NO;
				GCC_NO_COMMON_BLOCKS = YES;
				GCC_OPTIMIZATION_LEVEL = 0;
				GCC_PREPROCESSOR_DEFINITIONS = (
					"DEBUG=1",
					"$(inherited)",
				);
				GCC_WARN_64_TO_32_BIT_CONVERSION = YES;
				GCC_WARN_ABOUT_RETURN_TYPE = YES_ERROR;
				GCC_WARN_UNDECLARED_SELECTOR = YES;
				GCC_WARN_UNINITIALIZED_AUTOS = YES_AGGRESSIVE;
				GCC_WARN_UNUSED_FUNCTION = YES;
				GCC_WARN_UNUSED_VARIABLE = YES;
				IPHONEOS_DEPLOYMENT_TARGET = 9.2;
				MTL_ENABLE_DEBUG_INFO = YES;
				ONLY_ACTIVE_ARCH = YES;
				SDKROOT = iphoneos;
			};
			name = Debug;
		};
		63F705C01C676D4D00542315 /* Release */ = {
			isa = XCBuildConfiguration;
			buildSettings = {
				ALWAYS_SEARCH_USER_PATHS = NO;
				CLANG_CXX_LANGUAGE_STANDARD = "gnu++0x";
				CLANG_CXX_LIBRARY = "libc++";
				CLANG_ENABLE_MODULES = YES;
				CLANG_ENABLE_OBJC_ARC = YES;
				CLANG_WARN_BOOL_CONVERSION = YES;
				CLANG_WARN_CONSTANT_CONVERSION = YES;
				CLANG_WARN_DIRECT_OBJC_ISA_USAGE = YES_ERROR;
				CLANG_WARN_EMPTY_BODY = YES;
				CLANG_WARN_ENUM_CONVERSION = YES;
				CLANG_WARN_INT_CONVERSION = YES;
				CLANG_WARN_OBJC_ROOT_CLASS = YES_ERROR;
				CLANG_WARN_UNREACHABLE_CODE = YES;
				CLANG_WARN__DUPLICATE_METHOD_MATCH = YES;
				"CODE_SIGN_IDENTITY[sdk=iphoneos*]" = "iPhone Developer";
				COPY_PHASE_STRIP = NO;
				DEBUG_INFORMATION_FORMAT = "dwarf-with-dsym";
				ENABLE_NS_ASSERTIONS = NO;
				ENABLE_STRICT_OBJC_MSGSEND = YES;
				GCC_C_LANGUAGE_STANDARD = gnu99;
				GCC_NO_COMMON_BLOCKS = YES;
				GCC_WARN_64_TO_32_BIT_CONVERSION = YES;
				GCC_WARN_ABOUT_RETURN_TYPE = YES_ERROR;
				GCC_WARN_UNDECLARED_SELECTOR = YES;
				GCC_WARN_UNINITIALIZED_AUTOS = YES_AGGRESSIVE;
				GCC_WARN_UNUSED_FUNCTION = YES;
				GCC_WARN_UNUSED_VARIABLE = YES;
				IPHONEOS_DEPLOYMENT_TARGET = 9.2;
				MTL_ENABLE_DEBUG_INFO = NO;
				SDKROOT = iphoneos;
				VALIDATE_PRODUCT = YES;
			};
			name = Release;
		};
		63F705C21C676D4D00542315 /* Debug */ = {
			isa = XCBuildConfiguration;
			buildSettings = {
				ASSETCATALOG_COMPILER_APPICON_NAME = AppIcon;
				INFOPLIST_FILE = "core graphics/Info.plist";
				LD_RUNPATH_SEARCH_PATHS = "$(inherited) @executable_path/Frameworks";
				PRODUCT_BUNDLE_IDENTIFIER = "com.GreenDo.core-graphics";
				PRODUCT_NAME = "$(TARGET_NAME)";
			};
			name = Debug;
		};
		63F705C31C676D4D00542315 /* Release */ = {
			isa = XCBuildConfiguration;
			buildSettings = {
				ASSETCATALOG_COMPILER_APPICON_NAME = AppIcon;
				INFOPLIST_FILE = "core graphics/Info.plist";
				LD_RUNPATH_SEARCH_PATHS = "$(inherited) @executable_path/Frameworks";
				PRODUCT_BUNDLE_IDENTIFIER = "com.GreenDo.core-graphics";
				PRODUCT_NAME = "$(TARGET_NAME)";
			};
			name = Release;
		};
		63F705C51C676D4D00542315 /* Debug */ = {
			isa = XCBuildConfiguration;
			buildSettings = {
				BUNDLE_LOADER = "$(TEST_HOST)";
				INFOPLIST_FILE = "core graphicsTests/Info.plist";
				LD_RUNPATH_SEARCH_PATHS = "$(inherited) @executable_path/Frameworks @loader_path/Frameworks";
				PRODUCT_BUNDLE_IDENTIFIER = "com.GreenDo.core-graphicsTests";
				PRODUCT_NAME = "$(TARGET_NAME)";
				TEST_HOST = "$(BUILT_PRODUCTS_DIR)/core graphics.app/core graphics";
			};
			name = Debug;
		};
		63F705C61C676D4D00542315 /* Release */ = {
			isa = XCBuildConfiguration;
			buildSettings = {
				BUNDLE_LOADER = "$(TEST_HOST)";
				INFOPLIST_FILE = "core graphicsTests/Info.plist";
				LD_RUNPATH_SEARCH_PATHS = "$(inherited) @executable_path/Frameworks @loader_path/Frameworks";
				PRODUCT_BUNDLE_IDENTIFIER = "com.GreenDo.core-graphicsTests";
				PRODUCT_NAME = "$(TARGET_NAME)";
				TEST_HOST = "$(BUILT_PRODUCTS_DIR)/core graphics.app/core graphics";
			};
			name = Release;
		};
		63F705C81C676D4D00542315 /* Debug */ = {
			isa = XCBuildConfiguration;
			buildSettings = {
				INFOPLIST_FILE = "core graphicsUITests/Info.plist";
				LD_RUNPATH_SEARCH_PATHS = "$(inherited) @executable_path/Frameworks @loader_path/Frameworks";
				PRODUCT_BUNDLE_IDENTIFIER = "com.GreenDo.core-graphicsUITests";
				PRODUCT_NAME = "$(TARGET_NAME)";
				TEST_TARGET_NAME = "core graphics";
				USES_XCTRUNNER = YES;
			};
			name = Debug;
		};
		63F705C91C676D4D00542315 /* Release */ = {
			isa = XCBuildConfiguration;
			buildSettings = {
				INFOPLIST_FILE = "core graphicsUITests/Info.plist";
				LD_RUNPATH_SEARCH_PATHS = "$(inherited) @executable_path/Frameworks @loader_path/Frameworks";
				PRODUCT_BUNDLE_IDENTIFIER = "com.GreenDo.core-graphicsUITests";
				PRODUCT_NAME = "$(TARGET_NAME)";
				TEST_TARGET_NAME = "core graphics";
				USES_XCTRUNNER = YES;
			};
			name = Release;
		};
/* End XCBuildConfiguration section */

/* Begin XCConfigurationList section */
		63F7058F1C676D4D00542315 /* Build configuration list for PBXProject "core graphics" */ = {
			isa = XCConfigurationList;
			buildConfigurations = (
				63F705BF1C676D4D00542315 /* Debug */,
				63F705C01C676D4D00542315 /* Release */,
			);
			defaultConfigurationIsVisible = 0;
			defaultConfigurationName = Release;
		};
		63F705C11C676D4D00542315 /* Build configuration list for PBXNativeTarget "core graphics" */ = {
			isa = XCConfigurationList;
			buildConfigurations = (
				63F705C21C676D4D00542315 /* Debug */,
				63F705C31C676D4D00542315 /* Release */,
			);
			defaultConfigurationIsVisible = 0;
		};
		63F705C41C676D4D00542315 /* Build configuration list for PBXNativeTarget "core graphicsTests" */ = {
			isa = XCConfigurationList;
			buildConfigurations = (
				63F705C51C676D4D00542315 /* Debug */,
				63F705C61C676D4D00542315 /* Release */,
			);
			defaultConfigurationIsVisible = 0;
		};
		63F705C71C676D4D00542315 /* Build configuration list for PBXNativeTarget "core graphicsUITests" */ = {
			isa = XCConfigurationList;
			buildConfigurations = (
				63F705C81C676D4D00542315 /* Debug */,
				63F705C91C676D4D00542315 /* Release */,
			);
			defaultConfigurationIsVisible = 0;
		};
/* End XCConfigurationList section */
	};
	rootObject = 63F7058C1C676D4D00542315 /* Project object */;
}
